
Microsoft Visual Studio Solution File, Format Version 12.00
Project("{FAE04EC0-301F-11D3-BF4B-00C04F79EFBC}") = "SpeedPursuit", "SpeedPursuit\SpeedPursuit.csproj", "{3504A7EB-DCCE-4E56-9735-7B0EEEB11724}"
EndProject
Global
	GlobalSection(SolutionConfigurationPlatforms) = preSolution
		Debug|Any CPU = Debug|Any CPU
		Release|Any CPU = Release|Any CPU
	EndGlobalSection
	GlobalSection(ProjectConfigurationPlatforms) = postSolution
		{3504A7EB-DCCE-4E56-9735-7B0EEEB11724}.Debug|Any CPU.ActiveCfg = Debug|Any CPU
		{3504A7EB-DCCE-4E56-9735-7B0EEEB11724}.Debug|Any CPU.Build.0 = Debug|Any CPU
		{3504A7EB-DCCE-4E56-9735-7B0EEEB11724}.Release|Any CPU.ActiveCfg = Release|Any CPU
		{3504A7EB-DCCE-4E56-9735-7B0EEEB11724}.Release|Any CPU.Build.0 = Release|Any CPU
	EndGlobalSection
EndGlobal
